dependencies:
- name: common
  repository: https://charts.bitnami.com/bitnami
  version: 2.12.0
- name: handler
  repository: file://./charts/handler
  version: 0.1.0
- name: postgresql
  repository: https://charts.bitnami.com/bitnami
  version: 12.12.9
- name: proxy
  repository: file://./charts/proxy
  version: 0.1.0
digest: sha256:5d395e9ada3dd98e39bbf1959afda4d5e81bd723579c1ea6963d6195b74428a1
generated: "2023-09-27T12:41:17.844162423+02:00"
