dependencies:
- name: common
  repository: https://charts.bitnami.com/bitnami
  version: 2.2.4
- name: handler
  repository: file://./charts/handler
  version: 0.1.0
- name: keycloak
  repository: file://./charts/keycloak
  version: 0.1.0
- name: postgresql
  repository: https://charts.bitnami.com/bitnami
  version: 12.2.2
- name: proxy
  repository: file://./charts/proxy
  version: 0.1.1
digest: sha256:99d1ba63591b518f1bb73d23dea88f455e0f44d6a7adbafa90816fd34fd75498
generated: "2023-03-13T17:23:03.129458194+01:00"
