dependencies:
- name: common
  repository: https://charts.bitnami.com/bitnami
  version: 2.2.4
- name: handler
  repository: file://./charts/handler
  version: 0.1.0
- name: postgresql
  repository: https://charts.bitnami.com/bitnami
  version: 12.2.3
- name: proxy
  repository: file://./charts/proxy
  version: 0.1.0
digest: sha256:25a38b32beeb973c553a002eef1ef89ef5e2741d8268053c58c7e940c7bc541f
generated: "2023-03-14T16:22:34.995727283+01:00"
